<?xml version="1.0" encoding="utf-8"?>
<Project ToolsVersion="4.0" xmlns="http://schemas.microsoft.com/developer/msbuild/2003">
  <ItemGroup>
    <None Include="shaders\dofblur.frag" />
    <None Include="shaders\dofblur.vert" />
    <None Include="shaders\dofdown.frag" />
    <None Include="shaders\dofdown.vert" />
    <None Include="shaders\dofinfo.frag" />
    <None Include="shaders\dofinfo.vert" />
    <None Include="shaders\post.frag" />
  </ItemGroup>
  <ItemGroup>
    <ClInclude Include="src\DofBlurShader.hpp" />
    <ClInclude Include="src\DofDownShader.hpp" />
    <ClInclude Include="src\DofInfoShader.hpp" />
    <ClInclude Include="src\PostShader.hpp" />
  </ItemGroup>
  <ItemGroup>
    <ClCompile Include="src\main.cpp" />
  </ItemGroup>
</Project>