
Microsoft Visual Studio Solution File, Format Version 12.00
# Visual Studio 15
VisualStudioVersion = 15.0.27703.2026
MinimumVisualStudioVersion = 10.0.40219.1
Project("{8BC9CEB8-8B4A-11D0-8D11-00A0C91BC942}") = "Engine", "Engine\Engine.vcxproj", "{2C8EFE39-BFDB-4561-A025-B086D478161C}"
EndProject
Project("{8BC9CEB8-8B4A-11D0-8D11-00A0C91BC942}") = "AppPhong", "AppPhong\AppPhong.vcxproj", "{8E56D559-A4E8-4FCE-8D6C-8A82B59438EF}"
	ProjectSection(ProjectDependencies) = postProject
		{2C8EFE39-BFDB-4561-A025-B086D478161C} = {2C8EFE39-BFDB-4561-A025-B086D478161C}
	EndProjectSection
EndProject
Project("{8BC9CEB8-8B4A-11D0-8D11-00A0C91BC942}") = "AppSkybox", "AppSkybox\AppSkybox.vcxproj", "{910191AF-336B-422E-9B1A-7786E1D3A625}"
	ProjectSection(ProjectDependencies) = postProject
		{2C8EFE39-BFDB-4561-A025-B086D478161C} = {2C8EFE39-BFDB-4561-A025-B086D478161C}
	EndProjectSection
EndProject
Project("{8BC9CEB8-8B4A-11D0-8D11-00A0C91BC942}") = "AppLine", "AppLine\AppLine.vcxproj", "{25E0A549-D63A-43DC-8B10-6ECC80E8B87B}"
	ProjectSection(ProjectDependencies) = postProject
		{2C8EFE39-BFDB-4561-A025-B086D478161C} = {2C8EFE39-BFDB-4561-A025-B086D478161C}
	EndProjectSection
EndProject
Project("{8BC9CEB8-8B4A-11D0-8D11-00A0C91BC942}") = "AppNormalVisualizer", "AppNormalVisualizer\AppNormalVisualizer.vcxproj", "{9533847C-CBAB-4259-A904-3B3E06C6A831}"
	ProjectSection(ProjectDependencies) = postProject
		{2C8EFE39-BFDB-4561-A025-B086D478161C} = {2C8EFE39-BFDB-4561-A025-B086D478161C}
	EndProjectSection
EndProject
Project("{8BC9CEB8-8B4A-11D0-8D11-00A0C91BC942}") = "AppFramebuffers", "AppFramebuffers\AppFramebuffers.vcxproj", "{7E0C9D28-DBAE-4B89-B810-E95621CEC72F}"
	ProjectSection(ProjectDependencies) = postProject
		{2C8EFE39-BFDB-4561-A025-B086D478161C} = {2C8EFE39-BFDB-4561-A025-B086D478161C}
	EndProjectSection
EndProject
Project("{8BC9CEB8-8B4A-11D0-8D11-00A0C91BC942}") = "AppShadows", "AppShadows\AppShadows.vcxproj", "{4AF39B53-9AEC-4367-ABAC-F35D25AA7B83}"
	ProjectSection(ProjectDependencies) = postProject
		{2C8EFE39-BFDB-4561-A025-B086D478161C} = {2C8EFE39-BFDB-4561-A025-B086D478161C}
	EndProjectSection
EndProject
Project("{8BC9CEB8-8B4A-11D0-8D11-00A0C91BC942}") = "AppSnow", "AppSnow\AppSnow.vcxproj", "{D0BB78C0-9C67-48C9-8048-522D1C1DE70A}"
	ProjectSection(ProjectDependencies) = postProject
		{2C8EFE39-BFDB-4561-A025-B086D478161C} = {2C8EFE39-BFDB-4561-A025-B086D478161C}
	EndProjectSection
EndProject
Project("{8BC9CEB8-8B4A-11D0-8D11-00A0C91BC942}") = "AppBase", "AppBase\AppBase.vcxproj", "{FE509296-BEFD-4927-8B16-294770579476}"
	ProjectSection(ProjectDependencies) = postProject
		{2C8EFE39-BFDB-4561-A025-B086D478161C} = {2C8EFE39-BFDB-4561-A025-B086D478161C}
	EndProjectSection
EndProject
Project("{8BC9CEB8-8B4A-11D0-8D11-00A0C91BC942}") = "AppPostProcess", "AppPostProcess\AppPostProcess.vcxproj", "{C5EB7706-5727-4BD1-93C1-D64FE260BC51}"
	ProjectSection(ProjectDependencies) = postProject
		{2C8EFE39-BFDB-4561-A025-B086D478161C} = {2C8EFE39-BFDB-4561-A025-B086D478161C}
	EndProjectSection
EndProject
Project("{8BC9CEB8-8B4A-11D0-8D11-00A0C91BC942}") = "AppSSAO", "AppSSAO\AppSSAO.vcxproj", "{0016C6FB-D8FF-46E4-8D65-7C84529DE12D}"
EndProject
Project("{8BC9CEB8-8B4A-11D0-8D11-00A0C91BC942}") = "AppDeferred", "AppDeferred\AppDeferred.vcxproj", "{5411D9D3-BAA5-4D2F-9966-C552AE38ACB0}"
EndProject
Project("{8BC9CEB8-8B4A-11D0-8D11-00A0C91BC942}") = "AppDeferredDecal", "AppDeferredDecal\AppDeferredDecal.vcxproj", "{F5F89B78-1155-4814-9DCF-C049ED296980}"
EndProject
Global
	GlobalSection(SolutionConfigurationPlatforms) = preSolution
		Debug|x64 = Debug|x64
		Debug|x86 = Debug|x86
		Release|x64 = Release|x64
		Release|x86 = Release|x86
	EndGlobalSection
	GlobalSection(ProjectConfigurationPlatforms) = postSolution
		{2C8EFE39-BFDB-4561-A025-B086D478161C}.Debug|x64.ActiveCfg = Debug|x64
		{2C8EFE39-BFDB-4561-A025-B086D478161C}.Debug|x64.Build.0 = Debug|x64
		{2C8EFE39-BFDB-4561-A025-B086D478161C}.Debug|x86.ActiveCfg = Debug|Win32
		{2C8EFE39-BFDB-4561-A025-B086D478161C}.Debug|x86.Build.0 = Debug|Win32
		{2C8EFE39-BFDB-4561-A025-B086D478161C}.Release|x64.ActiveCfg = Release|x64
		{2C8EFE39-BFDB-4561-A025-B086D478161C}.Release|x64.Build.0 = Release|x64
		{2C8EFE39-BFDB-4561-A025-B086D478161C}.Release|x86.ActiveCfg = Release|Win32
		{2C8EFE39-BFDB-4561-A025-B086D478161C}.Release|x86.Build.0 = Release|Win32
		{8E56D559-A4E8-4FCE-8D6C-8A82B59438EF}.Debug|x64.ActiveCfg = Debug|x64
		{8E56D559-A4E8-4FCE-8D6C-8A82B59438EF}.Debug|x64.Build.0 = Debug|x64
		{8E56D559-A4E8-4FCE-8D6C-8A82B59438EF}.Debug|x86.ActiveCfg = Debug|Win32
		{8E56D559-A4E8-4FCE-8D6C-8A82B59438EF}.Debug|x86.Build.0 = Debug|Win32
		{8E56D559-A4E8-4FCE-8D6C-8A82B59438EF}.Release|x64.ActiveCfg = Release|x64
		{8E56D559-A4E8-4FCE-8D6C-8A82B59438EF}.Release|x64.Build.0 = Release|x64
		{8E56D559-A4E8-4FCE-8D6C-8A82B59438EF}.Release|x86.ActiveCfg = Release|Win32
		{8E56D559-A4E8-4FCE-8D6C-8A82B59438EF}.Release|x86.Build.0 = Release|Win32
		{910191AF-336B-422E-9B1A-7786E1D3A625}.Debug|x64.ActiveCfg = Debug|x64
		{910191AF-336B-422E-9B1A-7786E1D3A625}.Debug|x64.Build.0 = Debug|x64
		{910191AF-336B-422E-9B1A-7786E1D3A625}.Debug|x86.ActiveCfg = Debug|Win32
		{910191AF-336B-422E-9B1A-7786E1D3A625}.Debug|x86.Build.0 = Debug|Win32
		{910191AF-336B-422E-9B1A-7786E1D3A625}.Release|x64.ActiveCfg = Release|x64
		{910191AF-336B-422E-9B1A-7786E1D3A625}.Release|x64.Build.0 = Release|x64
		{910191AF-336B-422E-9B1A-7786E1D3A625}.Release|x86.ActiveCfg = Release|Win32
		{910191AF-336B-422E-9B1A-7786E1D3A625}.Release|x86.Build.0 = Release|Win32
		{25E0A549-D63A-43DC-8B10-6ECC80E8B87B}.Debug|x64.ActiveCfg = Debug|x64
		{25E0A549-D63A-43DC-8B10-6ECC80E8B87B}.Debug|x64.Build.0 = Debug|x64
		{25E0A549-D63A-43DC-8B10-6ECC80E8B87B}.Debug|x86.ActiveCfg = Debug|Win32
		{25E0A549-D63A-43DC-8B10-6ECC80E8B87B}.Debug|x86.Build.0 = Debug|Win32
		{25E0A549-D63A-43DC-8B10-6ECC80E8B87B}.Release|x64.ActiveCfg = Release|x64
		{25E0A549-D63A-43DC-8B10-6ECC80E8B87B}.Release|x64.Build.0 = Release|x64
		{25E0A549-D63A-43DC-8B10-6ECC80E8B87B}.Release|x86.ActiveCfg = Release|Win32
		{25E0A549-D63A-43DC-8B10-6ECC80E8B87B}.Release|x86.Build.0 = Release|Win32
		{9533847C-CBAB-4259-A904-3B3E06C6A831}.Debug|x64.ActiveCfg = Debug|x64
		{9533847C-CBAB-4259-A904-3B3E06C6A831}.Debug|x64.Build.0 = Debug|x64
		{9533847C-CBAB-4259-A904-3B3E06C6A831}.Debug|x86.ActiveCfg = Debug|Win32
		{9533847C-CBAB-4259-A904-3B3E06C6A831}.Debug|x86.Build.0 = Debug|Win32
		{9533847C-CBAB-4259-A904-3B3E06C6A831}.Release|x64.ActiveCfg = Release|x64
		{9533847C-CBAB-4259-A904-3B3E06C6A831}.Release|x64.Build.0 = Release|x64
		{9533847C-CBAB-4259-A904-3B3E06C6A831}.Release|x86.ActiveCfg = Release|Win32
		{9533847C-CBAB-4259-A904-3B3E06C6A831}.Release|x86.Build.0 = Release|Win32
		{7E0C9D28-DBAE-4B89-B810-E95621CEC72F}.Debug|x64.ActiveCfg = Debug|x64
		{7E0C9D28-DBAE-4B89-B810-E95621CEC72F}.Debug|x64.Build.0 = Debug|x64
		{7E0C9D28-DBAE-4B89-B810-E95621CEC72F}.Debug|x86.ActiveCfg = Debug|Win32
		{7E0C9D28-DBAE-4B89-B810-E95621CEC72F}.Debug|x86.Build.0 = Debug|Win32
		{7E0C9D28-DBAE-4B89-B810-E95621CEC72F}.Release|x64.ActiveCfg = Release|x64
		{7E0C9D28-DBAE-4B89-B810-E95621CEC72F}.Release|x64.Build.0 = Release|x64
		{7E0C9D28-DBAE-4B89-B810-E95621CEC72F}.Release|x86.ActiveCfg = Release|Win32
		{7E0C9D28-DBAE-4B89-B810-E95621CEC72F}.Release|x86.Build.0 = Release|Win32
		{4AF39B53-9AEC-4367-ABAC-F35D25AA7B83}.Debug|x64.ActiveCfg = Debug|x64
		{4AF39B53-9AEC-4367-ABAC-F35D25AA7B83}.Debug|x64.Build.0 = Debug|x64
		{4AF39B53-9AEC-4367-ABAC-F35D25AA7B83}.Debug|x86.ActiveCfg = Debug|Win32
		{4AF39B53-9AEC-4367-ABAC-F35D25AA7B83}.Debug|x86.Build.0 = Debug|Win32
		{4AF39B53-9AEC-4367-ABAC-F35D25AA7B83}.Release|x64.ActiveCfg = Release|x64
		{4AF39B53-9AEC-4367-ABAC-F35D25AA7B83}.Release|x64.Build.0 = Release|x64
		{4AF39B53-9AEC-4367-ABAC-F35D25AA7B83}.Release|x86.ActiveCfg = Release|Win32
		{4AF39B53-9AEC-4367-ABAC-F35D25AA7B83}.Release|x86.Build.0 = Release|Win32
		{D0BB78C0-9C67-48C9-8048-522D1C1DE70A}.Debug|x64.ActiveCfg = Debug|x64
		{D0BB78C0-9C67-48C9-8048-522D1C1DE70A}.Debug|x64.Build.0 = Debug|x64
		{D0BB78C0-9C67-48C9-8048-522D1C1DE70A}.Debug|x86.ActiveCfg = Debug|Win32
		{D0BB78C0-9C67-48C9-8048-522D1C1DE70A}.Debug|x86.Build.0 = Debug|Win32
		{D0BB78C0-9C67-48C9-8048-522D1C1DE70A}.Release|x64.ActiveCfg = Release|x64
		{D0BB78C0-9C67-48C9-8048-522D1C1DE70A}.Release|x64.Build.0 = Release|x64
		{D0BB78C0-9C67-48C9-8048-522D1C1DE70A}.Release|x86.ActiveCfg = Release|Win32
		{D0BB78C0-9C67-48C9-8048-522D1C1DE70A}.Release|x86.Build.0 = Release|Win32
		{FE509296-BEFD-4927-8B16-294770579476}.Debug|x64.ActiveCfg = Debug|x64
		{FE509296-BEFD-4927-8B16-294770579476}.Debug|x64.Build.0 = Debug|x64
		{FE509296-BEFD-4927-8B16-294770579476}.Debug|x86.ActiveCfg = Debug|Win32
		{FE509296-BEFD-4927-8B16-294770579476}.Debug|x86.Build.0 = Debug|Win32
		{FE509296-BEFD-4927-8B16-294770579476}.Release|x64.ActiveCfg = Release|x64
		{FE509296-BEFD-4927-8B16-294770579476}.Release|x64.Build.0 = Release|x64
		{FE509296-BEFD-4927-8B16-294770579476}.Release|x86.ActiveCfg = Release|Win32
		{FE509296-BEFD-4927-8B16-294770579476}.Release|x86.Build.0 = Release|Win32
		{C5EB7706-5727-4BD1-93C1-D64FE260BC51}.Debug|x64.ActiveCfg = Debug|x64
		{C5EB7706-5727-4BD1-93C1-D64FE260BC51}.Debug|x64.Build.0 = Debug|x64
		{C5EB7706-5727-4BD1-93C1-D64FE260BC51}.Debug|x86.ActiveCfg = Debug|Win32
		{C5EB7706-5727-4BD1-93C1-D64FE260BC51}.Debug|x86.Build.0 = Debug|Win32
		{C5EB7706-5727-4BD1-93C1-D64FE260BC51}.Release|x64.ActiveCfg = Release|x64
		{C5EB7706-5727-4BD1-93C1-D64FE260BC51}.Release|x64.Build.0 = Release|x64
		{C5EB7706-5727-4BD1-93C1-D64FE260BC51}.Release|x86.ActiveCfg = Release|Win32
		{C5EB7706-5727-4BD1-93C1-D64FE260BC51}.Release|x86.Build.0 = Release|Win32
		{0016C6FB-D8FF-46E4-8D65-7C84529DE12D}.Debug|x64.ActiveCfg = Debug|x64
		{0016C6FB-D8FF-46E4-8D65-7C84529DE12D}.Debug|x64.Build.0 = Debug|x64
		{0016C6FB-D8FF-46E4-8D65-7C84529DE12D}.Debug|x86.ActiveCfg = Debug|Win32
		{0016C6FB-D8FF-46E4-8D65-7C84529DE12D}.Debug|x86.Build.0 = Debug|Win32
		{0016C6FB-D8FF-46E4-8D65-7C84529DE12D}.Release|x64.ActiveCfg = Release|x64
		{0016C6FB-D8FF-46E4-8D65-7C84529DE12D}.Release|x64.Build.0 = Release|x64
		{0016C6FB-D8FF-46E4-8D65-7C84529DE12D}.Release|x86.ActiveCfg = Release|Win32
		{0016C6FB-D8FF-46E4-8D65-7C84529DE12D}.Release|x86.Build.0 = Release|Win32
		{5411D9D3-BAA5-4D2F-9966-C552AE38ACB0}.Debug|x64.ActiveCfg = Debug|x64
		{5411D9D3-BAA5-4D2F-9966-C552AE38ACB0}.Debug|x64.Build.0 = Debug|x64
		{5411D9D3-BAA5-4D2F-9966-C552AE38ACB0}.Debug|x86.ActiveCfg = Debug|Win32
		{5411D9D3-BAA5-4D2F-9966-C552AE38ACB0}.Debug|x86.Build.0 = Debug|Win32
		{5411D9D3-BAA5-4D2F-9966-C552AE38ACB0}.Release|x64.ActiveCfg = Release|x64
		{5411D9D3-BAA5-4D2F-9966-C552AE38ACB0}.Release|x64.Build.0 = Release|x64
		{5411D9D3-BAA5-4D2F-9966-C552AE38ACB0}.Release|x86.ActiveCfg = Release|Win32
		{5411D9D3-BAA5-4D2F-9966-C552AE38ACB0}.Release|x86.Build.0 = Release|Win32
		{F5F89B78-1155-4814-9DCF-C049ED296980}.Debug|x64.ActiveCfg = Debug|x64
		{F5F89B78-1155-4814-9DCF-C049ED296980}.Debug|x64.Build.0 = Debug|x64
		{F5F89B78-1155-4814-9DCF-C049ED296980}.Debug|x86.ActiveCfg = Debug|Win32
		{F5F89B78-1155-4814-9DCF-C049ED296980}.Debug|x86.Build.0 = Debug|Win32
		{F5F89B78-1155-4814-9DCF-C049ED296980}.Release|x64.ActiveCfg = Release|x64
		{F5F89B78-1155-4814-9DCF-C049ED296980}.Release|x64.Build.0 = Release|x64
		{F5F89B78-1155-4814-9DCF-C049ED296980}.Release|x86.ActiveCfg = Release|Win32
		{F5F89B78-1155-4814-9DCF-C049ED296980}.Release|x86.Build.0 = Release|Win32
	EndGlobalSection
	GlobalSection(SolutionProperties) = preSolution
		HideSolutionNode = FALSE
	EndGlobalSection
	GlobalSection(ExtensibilityGlobals) = postSolution
		SolutionGuid = {FA7C091A-D3AA-4736-A6D0-BC666CA1FCD9}
	EndGlobalSection
EndGlobal
