
Microsoft Visual Studio Solution File, Format Version 12.00
# Visual Studio 15
VisualStudioVersion = 15.0.27703.2026
MinimumVisualStudioVersion = 10.0.40219.1
Project("{8BC9CEB8-8B4A-11D0-8D11-00A0C91BC942}") = "Engine", "Engine\Engine.vcxproj", "{2C8EFE39-BFDB-4561-A025-B086D478161C}"
EndProject
Project("{8BC9CEB8-8B4A-11D0-8D11-00A0C91BC942}") = "AppPhong", "AppPhong\AppPhong.vcxproj", "{8E56D559-A4E8-4FCE-8D6C-8A82B59438EF}"
	ProjectSection(ProjectDependencies) = postProject
		{2C8EFE39-BFDB-4561-A025-B086D478161C} = {2C8EFE39-BFDB-4561-A025-B086D478161C}
	EndProjectSection
EndProject
Project("{8BC9CEB8-8B4A-11D0-8D11-00A0C91BC942}") = "AppNormalVisualizer", "AppNormalVisualizer\AppNormalVisualizer.vcxproj", "{9533847C-CBAB-4259-A904-3B3E06C6A831}"
	ProjectSection(ProjectDependencies) = postProject
		{2C8EFE39-BFDB-4561-A025-B086D478161C} = {2C8EFE39-BFDB-4561-A025-B086D478161C}
	EndProjectSection
EndProject
Project("{8BC9CEB8-8B4A-11D0-8D11-00A0C91BC942}") = "AppShadows", "AppShadows\AppShadows.vcxproj", "{4AF39B53-9AEC-4367-ABAC-F35D25AA7B83}"
	ProjectSection(ProjectDependencies) = postProject
		{2C8EFE39-BFDB-4561-A025-B086D478161C} = {2C8EFE39-BFDB-4561-A025-B086D478161C}
	EndProjectSection
EndProject
Project("{8BC9CEB8-8B4A-11D0-8D11-00A0C91BC942}") = "AppSnow", "AppSnow\AppSnow.vcxproj", "{D0BB78C0-9C67-48C9-8048-522D1C1DE70A}"
	ProjectSection(ProjectDependencies) = postProject
		{2C8EFE39-BFDB-4561-A025-B086D478161C} = {2C8EFE39-BFDB-4561-A025-B086D478161C}
	EndProjectSection
EndProject
Project("{8BC9CEB8-8B4A-11D0-8D11-00A0C91BC942}") = "AppBase", "AppBase\AppBase.vcxproj", "{FE509296-BEFD-4927-8B16-294770579476}"
	ProjectSection(ProjectDependencies) = postProject
		{2C8EFE39-BFDB-4561-A025-B086D478161C} = {2C8EFE39-BFDB-4561-A025-B086D478161C}
	EndProjectSection
EndProject
Project("{8BC9CEB8-8B4A-11D0-8D11-00A0C91BC942}") = "AppPostProcess", "AppPostProcess\AppPostProcess.vcxproj", "{C5EB7706-5727-4BD1-93C1-D64FE260BC51}"
	ProjectSection(ProjectDependencies) = postProject
		{2C8EFE39-BFDB-4561-A025-B086D478161C} = {2C8EFE39-BFDB-4561-A025-B086D478161C}
	EndProjectSection
EndProject
Project("{8BC9CEB8-8B4A-11D0-8D11-00A0C91BC942}") = "AppSSAO", "AppSSAO\AppSSAO.vcxproj", "{0016C6FB-D8FF-46E4-8D65-7C84529DE12D}"
	ProjectSection(ProjectDependencies) = postProject
		{2C8EFE39-BFDB-4561-A025-B086D478161C} = {2C8EFE39-BFDB-4561-A025-B086D478161C}
	EndProjectSection
EndProject
Project("{8BC9CEB8-8B4A-11D0-8D11-00A0C91BC942}") = "AppDeferred", "AppDeferred\AppDeferred.vcxproj", "{5411D9D3-BAA5-4D2F-9966-C552AE38ACB0}"
	ProjectSection(ProjectDependencies) = postProject
		{2C8EFE39-BFDB-4561-A025-B086D478161C} = {2C8EFE39-BFDB-4561-A025-B086D478161C}
	EndProjectSection
EndProject
Project("{8BC9CEB8-8B4A-11D0-8D11-00A0C91BC942}") = "AppDeferredDecal", "AppDeferredDecal\AppDeferredDecal.vcxproj", "{F5F89B78-1155-4814-9DCF-C049ED296980}"
	ProjectSection(ProjectDependencies) = postProject
		{2C8EFE39-BFDB-4561-A025-B086D478161C} = {2C8EFE39-BFDB-4561-A025-B086D478161C}
	EndProjectSection
EndProject
Project("{8BC9CEB8-8B4A-11D0-8D11-00A0C91BC942}") = "AppFrustaFitting", "AppFrustaFitting\AppFrustaFitting.vcxproj", "{6EC037EE-4CF7-4C35-B0F7-4D4E6DEA7E1A}"
	ProjectSection(ProjectDependencies) = postProject
		{2C8EFE39-BFDB-4561-A025-B086D478161C} = {2C8EFE39-BFDB-4561-A025-B086D478161C}
	EndProjectSection
EndProject
Project("{8BC9CEB8-8B4A-11D0-8D11-00A0C91BC942}") = "AppVFC", "AppVFC\AppVFC.vcxproj", "{E7E81B31-8C5F-4001-A125-644F95692D98}"
	ProjectSection(ProjectDependencies) = postProject
		{2C8EFE39-BFDB-4561-A025-B086D478161C} = {2C8EFE39-BFDB-4561-A025-B086D478161C}
	EndProjectSection
EndProject
Project("{8BC9CEB8-8B4A-11D0-8D11-00A0C91BC942}") = "AppSelecting", "AppSelecting\AppSelecting.vcxproj", "{6F1BC635-A7A1-4B4B-A251-258A72A27A86}"
	ProjectSection(ProjectDependencies) = postProject
		{2C8EFE39-BFDB-4561-A025-B086D478161C} = {2C8EFE39-BFDB-4561-A025-B086D478161C}
	EndProjectSection
EndProject
Project("{8BC9CEB8-8B4A-11D0-8D11-00A0C91BC942}") = "AppGodRays", "AppGodRays\AppGodRays.vcxproj", "{FCE15EF7-0E7F-4320-8DD4-57C916D65BCC}"
	ProjectSection(ProjectDependencies) = postProject
		{2C8EFE39-BFDB-4561-A025-B086D478161C} = {2C8EFE39-BFDB-4561-A025-B086D478161C}
	EndProjectSection
EndProject
Project("{8BC9CEB8-8B4A-11D0-8D11-00A0C91BC942}") = "AppCompute", "AppCompute\AppCompute.vcxproj", "{4C039490-DBAD-4353-9C06-D3C575F42188}"
	ProjectSection(ProjectDependencies) = postProject
		{2C8EFE39-BFDB-4561-A025-B086D478161C} = {2C8EFE39-BFDB-4561-A025-B086D478161C}
	EndProjectSection
EndProject
Project("{8BC9CEB8-8B4A-11D0-8D11-00A0C91BC942}") = "AppMetaballs", "AppMetaballs\AppMetaballs.vcxproj", "{69DA3187-25A0-44D2-9048-F4A6BD7AA1D6}"
	ProjectSection(ProjectDependencies) = postProject
		{2C8EFE39-BFDB-4561-A025-B086D478161C} = {2C8EFE39-BFDB-4561-A025-B086D478161C}
	EndProjectSection
EndProject
Project("{8BC9CEB8-8B4A-11D0-8D11-00A0C91BC942}") = "AppDOF", "AppDOF\AppDOF.vcxproj", "{A50EE6E8-295E-4683-8741-4326745F6727}"
	ProjectSection(ProjectDependencies) = postProject
		{2C8EFE39-BFDB-4561-A025-B086D478161C} = {2C8EFE39-BFDB-4561-A025-B086D478161C}
	EndProjectSection
EndProject
Global
	GlobalSection(SolutionConfigurationPlatforms) = preSolution
		Debug|x64 = Debug|x64
		Debug|x86 = Debug|x86
		Release|x64 = Release|x64
		Release|x86 = Release|x86
	EndGlobalSection
	GlobalSection(ProjectConfigurationPlatforms) = postSolution
		{2C8EFE39-BFDB-4561-A025-B086D478161C}.Debug|x64.ActiveCfg = Debug|x64
		{2C8EFE39-BFDB-4561-A025-B086D478161C}.Debug|x64.Build.0 = Debug|x64
		{2C8EFE39-BFDB-4561-A025-B086D478161C}.Debug|x86.ActiveCfg = Debug|Win32
		{2C8EFE39-BFDB-4561-A025-B086D478161C}.Debug|x86.Build.0 = Debug|Win32
		{2C8EFE39-BFDB-4561-A025-B086D478161C}.Release|x64.ActiveCfg = Release|x64
		{2C8EFE39-BFDB-4561-A025-B086D478161C}.Release|x64.Build.0 = Release|x64
		{2C8EFE39-BFDB-4561-A025-B086D478161C}.Release|x86.ActiveCfg = Release|Win32
		{2C8EFE39-BFDB-4561-A025-B086D478161C}.Release|x86.Build.0 = Release|Win32
		{8E56D559-A4E8-4FCE-8D6C-8A82B59438EF}.Debug|x64.ActiveCfg = Debug|x64
		{8E56D559-A4E8-4FCE-8D6C-8A82B59438EF}.Debug|x64.Build.0 = Debug|x64
		{8E56D559-A4E8-4FCE-8D6C-8A82B59438EF}.Debug|x86.ActiveCfg = Debug|Win32
		{8E56D559-A4E8-4FCE-8D6C-8A82B59438EF}.Debug|x86.Build.0 = Debug|Win32
		{8E56D559-A4E8-4FCE-8D6C-8A82B59438EF}.Release|x64.ActiveCfg = Release|x64
		{8E56D559-A4E8-4FCE-8D6C-8A82B59438EF}.Release|x64.Build.0 = Release|x64
		{8E56D559-A4E8-4FCE-8D6C-8A82B59438EF}.Release|x86.ActiveCfg = Release|Win32
		{8E56D559-A4E8-4FCE-8D6C-8A82B59438EF}.Release|x86.Build.0 = Release|Win32
		{9533847C-CBAB-4259-A904-3B3E06C6A831}.Debug|x64.ActiveCfg = Debug|x64
		{9533847C-CBAB-4259-A904-3B3E06C6A831}.Debug|x64.Build.0 = Debug|x64
		{9533847C-CBAB-4259-A904-3B3E06C6A831}.Debug|x86.ActiveCfg = Debug|Win32
		{9533847C-CBAB-4259-A904-3B3E06C6A831}.Debug|x86.Build.0 = Debug|Win32
		{9533847C-CBAB-4259-A904-3B3E06C6A831}.Release|x64.ActiveCfg = Release|x64
		{9533847C-CBAB-4259-A904-3B3E06C6A831}.Release|x64.Build.0 = Release|x64
		{9533847C-CBAB-4259-A904-3B3E06C6A831}.Release|x86.ActiveCfg = Release|Win32
		{9533847C-CBAB-4259-A904-3B3E06C6A831}.Release|x86.Build.0 = Release|Win32
		{4AF39B53-9AEC-4367-ABAC-F35D25AA7B83}.Debug|x64.ActiveCfg = Debug|x64
		{4AF39B53-9AEC-4367-ABAC-F35D25AA7B83}.Debug|x64.Build.0 = Debug|x64
		{4AF39B53-9AEC-4367-ABAC-F35D25AA7B83}.Debug|x86.ActiveCfg = Debug|Win32
		{4AF39B53-9AEC-4367-ABAC-F35D25AA7B83}.Debug|x86.Build.0 = Debug|Win32
		{4AF39B53-9AEC-4367-ABAC-F35D25AA7B83}.Release|x64.ActiveCfg = Release|x64
		{4AF39B53-9AEC-4367-ABAC-F35D25AA7B83}.Release|x64.Build.0 = Release|x64
		{4AF39B53-9AEC-4367-ABAC-F35D25AA7B83}.Release|x86.ActiveCfg = Release|Win32
		{4AF39B53-9AEC-4367-ABAC-F35D25AA7B83}.Release|x86.Build.0 = Release|Win32
		{D0BB78C0-9C67-48C9-8048-522D1C1DE70A}.Debug|x64.ActiveCfg = Debug|x64
		{D0BB78C0-9C67-48C9-8048-522D1C1DE70A}.Debug|x64.Build.0 = Debug|x64
		{D0BB78C0-9C67-48C9-8048-522D1C1DE70A}.Debug|x86.ActiveCfg = Debug|Win32
		{D0BB78C0-9C67-48C9-8048-522D1C1DE70A}.Debug|x86.Build.0 = Debug|Win32
		{D0BB78C0-9C67-48C9-8048-522D1C1DE70A}.Release|x64.ActiveCfg = Release|x64
		{D0BB78C0-9C67-48C9-8048-522D1C1DE70A}.Release|x64.Build.0 = Release|x64
		{D0BB78C0-9C67-48C9-8048-522D1C1DE70A}.Release|x86.ActiveCfg = Release|Win32
		{D0BB78C0-9C67-48C9-8048-522D1C1DE70A}.Release|x86.Build.0 = Release|Win32
		{FE509296-BEFD-4927-8B16-294770579476}.Debug|x64.ActiveCfg = Debug|x64
		{FE509296-BEFD-4927-8B16-294770579476}.Debug|x64.Build.0 = Debug|x64
		{FE509296-BEFD-4927-8B16-294770579476}.Debug|x86.ActiveCfg = Debug|Win32
		{FE509296-BEFD-4927-8B16-294770579476}.Debug|x86.Build.0 = Debug|Win32
		{FE509296-BEFD-4927-8B16-294770579476}.Release|x64.ActiveCfg = Release|x64
		{FE509296-BEFD-4927-8B16-294770579476}.Release|x64.Build.0 = Release|x64
		{FE509296-BEFD-4927-8B16-294770579476}.Release|x86.ActiveCfg = Release|Win32
		{FE509296-BEFD-4927-8B16-294770579476}.Release|x86.Build.0 = Release|Win32
		{C5EB7706-5727-4BD1-93C1-D64FE260BC51}.Debug|x64.ActiveCfg = Debug|x64
		{C5EB7706-5727-4BD1-93C1-D64FE260BC51}.Debug|x64.Build.0 = Debug|x64
		{C5EB7706-5727-4BD1-93C1-D64FE260BC51}.Debug|x86.ActiveCfg = Debug|Win32
		{C5EB7706-5727-4BD1-93C1-D64FE260BC51}.Debug|x86.Build.0 = Debug|Win32
		{C5EB7706-5727-4BD1-93C1-D64FE260BC51}.Release|x64.ActiveCfg = Release|x64
		{C5EB7706-5727-4BD1-93C1-D64FE260BC51}.Release|x64.Build.0 = Release|x64
		{C5EB7706-5727-4BD1-93C1-D64FE260BC51}.Release|x86.ActiveCfg = Release|Win32
		{C5EB7706-5727-4BD1-93C1-D64FE260BC51}.Release|x86.Build.0 = Release|Win32
		{0016C6FB-D8FF-46E4-8D65-7C84529DE12D}.Debug|x64.ActiveCfg = Debug|x64
		{0016C6FB-D8FF-46E4-8D65-7C84529DE12D}.Debug|x64.Build.0 = Debug|x64
		{0016C6FB-D8FF-46E4-8D65-7C84529DE12D}.Debug|x86.ActiveCfg = Debug|Win32
		{0016C6FB-D8FF-46E4-8D65-7C84529DE12D}.Debug|x86.Build.0 = Debug|Win32
		{0016C6FB-D8FF-46E4-8D65-7C84529DE12D}.Release|x64.ActiveCfg = Release|x64
		{0016C6FB-D8FF-46E4-8D65-7C84529DE12D}.Release|x64.Build.0 = Release|x64
		{0016C6FB-D8FF-46E4-8D65-7C84529DE12D}.Release|x86.ActiveCfg = Release|Win32
		{0016C6FB-D8FF-46E4-8D65-7C84529DE12D}.Release|x86.Build.0 = Release|Win32
		{5411D9D3-BAA5-4D2F-9966-C552AE38ACB0}.Debug|x64.ActiveCfg = Debug|x64
		{5411D9D3-BAA5-4D2F-9966-C552AE38ACB0}.Debug|x64.Build.0 = Debug|x64
		{5411D9D3-BAA5-4D2F-9966-C552AE38ACB0}.Debug|x86.ActiveCfg = Debug|Win32
		{5411D9D3-BAA5-4D2F-9966-C552AE38ACB0}.Debug|x86.Build.0 = Debug|Win32
		{5411D9D3-BAA5-4D2F-9966-C552AE38ACB0}.Release|x64.ActiveCfg = Release|x64
		{5411D9D3-BAA5-4D2F-9966-C552AE38ACB0}.Release|x64.Build.0 = Release|x64
		{5411D9D3-BAA5-4D2F-9966-C552AE38ACB0}.Release|x86.ActiveCfg = Release|Win32
		{5411D9D3-BAA5-4D2F-9966-C552AE38ACB0}.Release|x86.Build.0 = Release|Win32
		{F5F89B78-1155-4814-9DCF-C049ED296980}.Debug|x64.ActiveCfg = Debug|x64
		{F5F89B78-1155-4814-9DCF-C049ED296980}.Debug|x64.Build.0 = Debug|x64
		{F5F89B78-1155-4814-9DCF-C049ED296980}.Debug|x86.ActiveCfg = Debug|Win32
		{F5F89B78-1155-4814-9DCF-C049ED296980}.Debug|x86.Build.0 = Debug|Win32
		{F5F89B78-1155-4814-9DCF-C049ED296980}.Release|x64.ActiveCfg = Release|x64
		{F5F89B78-1155-4814-9DCF-C049ED296980}.Release|x64.Build.0 = Release|x64
		{F5F89B78-1155-4814-9DCF-C049ED296980}.Release|x86.ActiveCfg = Release|Win32
		{F5F89B78-1155-4814-9DCF-C049ED296980}.Release|x86.Build.0 = Release|Win32
		{6EC037EE-4CF7-4C35-B0F7-4D4E6DEA7E1A}.Debug|x64.ActiveCfg = Debug|x64
		{6EC037EE-4CF7-4C35-B0F7-4D4E6DEA7E1A}.Debug|x64.Build.0 = Debug|x64
		{6EC037EE-4CF7-4C35-B0F7-4D4E6DEA7E1A}.Debug|x86.ActiveCfg = Debug|Win32
		{6EC037EE-4CF7-4C35-B0F7-4D4E6DEA7E1A}.Debug|x86.Build.0 = Debug|Win32
		{6EC037EE-4CF7-4C35-B0F7-4D4E6DEA7E1A}.Release|x64.ActiveCfg = Release|x64
		{6EC037EE-4CF7-4C35-B0F7-4D4E6DEA7E1A}.Release|x64.Build.0 = Release|x64
		{6EC037EE-4CF7-4C35-B0F7-4D4E6DEA7E1A}.Release|x86.ActiveCfg = Release|Win32
		{6EC037EE-4CF7-4C35-B0F7-4D4E6DEA7E1A}.Release|x86.Build.0 = Release|Win32
		{E7E81B31-8C5F-4001-A125-644F95692D98}.Debug|x64.ActiveCfg = Debug|x64
		{E7E81B31-8C5F-4001-A125-644F95692D98}.Debug|x64.Build.0 = Debug|x64
		{E7E81B31-8C5F-4001-A125-644F95692D98}.Debug|x86.ActiveCfg = Debug|Win32
		{E7E81B31-8C5F-4001-A125-644F95692D98}.Debug|x86.Build.0 = Debug|Win32
		{E7E81B31-8C5F-4001-A125-644F95692D98}.Release|x64.ActiveCfg = Release|x64
		{E7E81B31-8C5F-4001-A125-644F95692D98}.Release|x64.Build.0 = Release|x64
		{E7E81B31-8C5F-4001-A125-644F95692D98}.Release|x86.ActiveCfg = Release|Win32
		{E7E81B31-8C5F-4001-A125-644F95692D98}.Release|x86.Build.0 = Release|Win32
		{6F1BC635-A7A1-4B4B-A251-258A72A27A86}.Debug|x64.ActiveCfg = Debug|x64
		{6F1BC635-A7A1-4B4B-A251-258A72A27A86}.Debug|x64.Build.0 = Debug|x64
		{6F1BC635-A7A1-4B4B-A251-258A72A27A86}.Debug|x86.ActiveCfg = Debug|Win32
		{6F1BC635-A7A1-4B4B-A251-258A72A27A86}.Debug|x86.Build.0 = Debug|Win32
		{6F1BC635-A7A1-4B4B-A251-258A72A27A86}.Release|x64.ActiveCfg = Release|x64
		{6F1BC635-A7A1-4B4B-A251-258A72A27A86}.Release|x64.Build.0 = Release|x64
		{6F1BC635-A7A1-4B4B-A251-258A72A27A86}.Release|x86.ActiveCfg = Release|Win32
		{6F1BC635-A7A1-4B4B-A251-258A72A27A86}.Release|x86.Build.0 = Release|Win32
		{FCE15EF7-0E7F-4320-8DD4-57C916D65BCC}.Debug|x64.ActiveCfg = Debug|x64
		{FCE15EF7-0E7F-4320-8DD4-57C916D65BCC}.Debug|x64.Build.0 = Debug|x64
		{FCE15EF7-0E7F-4320-8DD4-57C916D65BCC}.Debug|x86.ActiveCfg = Debug|Win32
		{FCE15EF7-0E7F-4320-8DD4-57C916D65BCC}.Debug|x86.Build.0 = Debug|Win32
		{FCE15EF7-0E7F-4320-8DD4-57C916D65BCC}.Release|x64.ActiveCfg = Release|x64
		{FCE15EF7-0E7F-4320-8DD4-57C916D65BCC}.Release|x64.Build.0 = Release|x64
		{FCE15EF7-0E7F-4320-8DD4-57C916D65BCC}.Release|x86.ActiveCfg = Release|Win32
		{FCE15EF7-0E7F-4320-8DD4-57C916D65BCC}.Release|x86.Build.0 = Release|Win32
		{4C039490-DBAD-4353-9C06-D3C575F42188}.Debug|x64.ActiveCfg = Debug|x64
		{4C039490-DBAD-4353-9C06-D3C575F42188}.Debug|x64.Build.0 = Debug|x64
		{4C039490-DBAD-4353-9C06-D3C575F42188}.Debug|x86.ActiveCfg = Debug|Win32
		{4C039490-DBAD-4353-9C06-D3C575F42188}.Debug|x86.Build.0 = Debug|Win32
		{4C039490-DBAD-4353-9C06-D3C575F42188}.Release|x64.ActiveCfg = Release|x64
		{4C039490-DBAD-4353-9C06-D3C575F42188}.Release|x64.Build.0 = Release|x64
		{4C039490-DBAD-4353-9C06-D3C575F42188}.Release|x86.ActiveCfg = Release|Win32
		{4C039490-DBAD-4353-9C06-D3C575F42188}.Release|x86.Build.0 = Release|Win32
		{69DA3187-25A0-44D2-9048-F4A6BD7AA1D6}.Debug|x64.ActiveCfg = Debug|x64
		{69DA3187-25A0-44D2-9048-F4A6BD7AA1D6}.Debug|x64.Build.0 = Debug|x64
		{69DA3187-25A0-44D2-9048-F4A6BD7AA1D6}.Debug|x86.ActiveCfg = Debug|Win32
		{69DA3187-25A0-44D2-9048-F4A6BD7AA1D6}.Debug|x86.Build.0 = Debug|Win32
		{69DA3187-25A0-44D2-9048-F4A6BD7AA1D6}.Release|x64.ActiveCfg = Release|x64
		{69DA3187-25A0-44D2-9048-F4A6BD7AA1D6}.Release|x64.Build.0 = Release|x64
		{69DA3187-25A0-44D2-9048-F4A6BD7AA1D6}.Release|x86.ActiveCfg = Release|Win32
		{69DA3187-25A0-44D2-9048-F4A6BD7AA1D6}.Release|x86.Build.0 = Release|Win32
		{A50EE6E8-295E-4683-8741-4326745F6727}.Debug|x64.ActiveCfg = Debug|x64
		{A50EE6E8-295E-4683-8741-4326745F6727}.Debug|x64.Build.0 = Debug|x64
		{A50EE6E8-295E-4683-8741-4326745F6727}.Debug|x86.ActiveCfg = Debug|Win32
		{A50EE6E8-295E-4683-8741-4326745F6727}.Debug|x86.Build.0 = Debug|Win32
		{A50EE6E8-295E-4683-8741-4326745F6727}.Release|x64.ActiveCfg = Release|x64
		{A50EE6E8-295E-4683-8741-4326745F6727}.Release|x64.Build.0 = Release|x64
		{A50EE6E8-295E-4683-8741-4326745F6727}.Release|x86.ActiveCfg = Release|Win32
		{A50EE6E8-295E-4683-8741-4326745F6727}.Release|x86.Build.0 = Release|Win32
	EndGlobalSection
	GlobalSection(SolutionProperties) = preSolution
		HideSolutionNode = FALSE
	EndGlobalSection
	GlobalSection(ExtensibilityGlobals) = postSolution
		SolutionGuid = {FA7C091A-D3AA-4736-A6D0-BC666CA1FCD9}
	EndGlobalSection
EndGlobal
