<?xml version="1.0" encoding="utf-8"?>
<Project ToolsVersion="4.0" xmlns="http://schemas.microsoft.com/developer/msbuild/2003">
  <ItemGroup>
    <ClInclude Include="src\Component\CameraComponent\CameraComponent.hpp" />
    <ClInclude Include="src\Component\CameraComponent\CameraControllerComponent.hpp" />
    <ClInclude Include="src\Component\Component.hpp" />
    <ClInclude Include="src\Component\Components.hpp" />
    <ClInclude Include="src\Component\LightComponent\LightComponent.hpp" />
    <ClInclude Include="src\Component\SpatialComponent\Orientable.hpp" />
    <ClInclude Include="src\Component\SpatialComponent\SpatialComponent.hpp" />
    <ClInclude Include="src\ext\imgui\stb_rect_pack.h" />
    <ClInclude Include="src\ext\imgui\stb_textedit.h" />
    <ClInclude Include="src\ext\imgui\stb_truetype.h" />
    <ClInclude Include="src\ext\stb_image.h" />
    <ClInclude Include="src\ext\tiny_obj_loader.h" />
    <ClInclude Include="src\GameObject\GameObject.hpp" />
    <ClInclude Include="src\Loader\Loader.hpp" />
    <ClInclude Include="src\Messaging\Message.hpp" />
    <ClInclude Include="src\Messaging\Messenger.hpp" />
    <ClInclude Include="src\Shader\Shader.hpp" />
    <ClInclude Include="src\Util\Util.hpp" />
    <ClInclude Include="src\Window\Keyboard.hpp" />
    <ClInclude Include="src\Window\Mouse.hpp" />
    <ClInclude Include="src\Window\Window.hpp" />
    <ClInclude Include="src\Loader\MeshGenerator.hpp" />
    <ClInclude Include="src\Shader\WireframeShader.hpp" />
    <ClInclude Include="src\Shader\LineShader.hpp" />
    <ClInclude Include="src\Component\ModelComponent\MaterialComponent.hpp" />
    <ClInclude Include="src\Shader\PhongShader.hpp" />
    <ClInclude Include="src\Shader\ShadowCasterShader.hpp" />
    <ClInclude Include="src\Component\ModelComponent\TextureComponent.hpp" />
    <ClInclude Include="src\ext\imgui\imgui_impl_glfw.h" />
    <ClInclude Include="src\ext\imgui\imgui_internal.h" />
    <ClInclude Include="src\ext\imgui\imconfig.h" />
    <ClInclude Include="src\ext\imgui\imgui.h" />
    <ClInclude Include="src\ext\imgui\imstb_textedit.h" />
    <ClInclude Include="src\ext\imgui\imstb_truetype.h" />
    <ClInclude Include="src\ext\imgui\imstb_rectpack.h" />
    <ClInclude Include="src\ext\imgui\imgui_impl_opengl3.h" />
    <ClInclude Include="src\Systems\CameraSystems\CameraControllerSystem.hpp" />
    <ClInclude Include="src\Systems\System.hpp" />
    <ClInclude Include="src\Systems\Systems.hpp" />
    <ClInclude Include="src\Systems\TranslationSystems\RotationSystem.hpp" />
    <ClInclude Include="src\Systems\TranslationSystems\SinTranslateSystem.hpp" />
    <ClInclude Include="src\Component\TransformationComponent\RotationComponent.hpp" />
    <ClInclude Include="src\Component\TransformationComponent\SinTranslateComponent.hpp" />
    <ClInclude Include="src\Component\RenderableComponent\PhongRenderable.hpp" />
    <ClInclude Include="src\Shader\PhongShadowShader.hpp" />
    <ClInclude Include="src\Component\RenderableComponent\WireframeRenderable.hpp" />
    <ClInclude Include="src\Component\RenderableComponent\ShadowCasterRenderable.hpp" />
    <ClInclude Include="src\Component\ModelComponent\MeshComponent.hpp" />
    <ClInclude Include="src\Component\ModelComponent\LineMeshComponent.hpp" />
    <ClInclude Include="src\Shader\PostProcessShader.hpp" />
    <ClInclude Include="src\Loader\Library.hpp" />
    <ClInclude Include="src\GLObjects\Framebuffer.hpp" />
    <ClInclude Include="src\GLObjects\GLHelper.hpp" />
    <ClInclude Include="src\GLObjects\Mesh.hpp" />
    <ClInclude Include="src\GLObjects\Texture.hpp" />
    <ClInclude Include="src\Engine.hpp" />
    <ClInclude Include="src\Renderer\Renderer.hpp" />
    <ClInclude Include="src\Component\RenderableComponent\AlphaTestRenderable.hpp" />
    <ClInclude Include="src\Shader\AlphaTestShader.hpp" />
    <ClInclude Include="src\Component\CameraComponent\PerspectiveCameraComponent.hpp" />
    <ClInclude Include="src\Component\CameraComponent\OrthoCameraComponent.hpp" />
    <ClInclude Include="src\Component\CameraComponent\ShadowCameraComponent.hpp" />
    <ClInclude Include="src\Shader\GammaCorrectShader.hpp" />
    <ClInclude Include="src\Component\CollisionComponent\BoundingBoxComponent.hpp" />
    <ClInclude Include="src\Component\CameraComponent\FrustumComponent.hpp" />
    <ClInclude Include="src\Systems\CameraSystems\FrustumSystem.hpp" />
    <ClInclude Include="src\Systems\CameraSystems\FrustumToLineSystem.hpp" />
    <ClInclude Include="src\Component\CameraComponent\MainCameraComponent.hpp" />
    <ClInclude Include="src\Component\SelectingComponent\SelectedComponent.hpp" />
    <ClInclude Include="src\Systems\SelectingSystems\SelectingSystem.hpp" />
    <ClInclude Include="src\Component\SelectingComponent\MouseRayComponent.hpp" />
    <ClInclude Include="src\Component\SelectingComponent\SelectableComponent.hpp" />
    <ClInclude Include="src\Systems\SelectingSystems\MouseRaySystem.hpp" />
    <ClInclude Include="src\Systems\CameraSystems\FrustaFittingSystem.hpp" />
    <ClInclude Include="src\Systems\SelectingSystems\EditorSystem.hpp" />
    <ClInclude Include="src\Shader\OutlineShader.hpp" />
    <ClInclude Include="src\Component\RenderableComponent\OutlineRenderable.hpp" />
    <ClInclude Include="src\ECS\ComponentTuple.hpp" />
    <ClInclude Include="src\Component\RenderableComponent\SkyboxComponent.hpp" />
    <ClInclude Include="src\Shader\SkyboxShader.hpp" />
    <ClInclude Include="src\GLObjects\Texture2D.hpp" />
    <ClInclude Include="src\GLObjects\Texture3D.hpp" />
    <ClInclude Include="src\GLObjects\Texture1D.hpp" />
    <ClInclude Include="src\ext\microprofile.h" />
    <ClInclude Include="src\ext\microprofile_html.h" />
    <ClInclude Include="src\ext\PerlinNoise.hpp" />
  </ItemGroup>
  <ItemGroup>
    <ClCompile Include="src\Component\CameraComponent\CameraComponent.cpp" />
    <ClCompile Include="src\Component\CameraComponent\CameraControllerComponent.cpp" />
    <ClCompile Include="src\Component\SpatialComponent\SpatialComponent.cpp" />
    <ClCompile Include="src\GameObject\GameObject.cpp" />
    <ClCompile Include="src\Loader\Loader.cpp" />
    <ClCompile Include="src\Messaging\Messenger.cpp" />
    <ClCompile Include="src\Shader\Shader.cpp" />
    <ClCompile Include="src\Window\Keyboard.cpp" />
    <ClCompile Include="src\Window\Mouse.cpp" />
    <ClCompile Include="src\Window\Window.cpp" />
    <ClCompile Include="src\ext\imgui\imgui_draw.cpp" />
    <ClCompile Include="src\ext\imgui\imgui_impl_glfw.cpp" />
    <ClCompile Include="src\ext\imgui\imgui_widgets.cpp" />
    <ClCompile Include="src\ext\imgui\imgui.cpp" />
    <ClCompile Include="src\ext\imgui\imgui_demo.cpp" />
    <ClCompile Include="src\ext\imgui\imgui_impl_opengl3.cpp" />
    <ClCompile Include="src\Systems\CameraSystems\CameraControllerSystem.cpp" />
    <ClCompile Include="src\Systems\TranslationSystems\RotationSystem.cpp" />
    <ClCompile Include="src\Systems\TranslationSystems\SinTranslateSystem.cpp" />
    <ClCompile Include="src\Component\RenderableComponent\PhongShadowRenderable.hpp" />
    <ClCompile Include="src\GLObjects\GLHelper.cpp" />
    <ClCompile Include="src\GLObjects\Mesh.cpp" />
    <ClCompile Include="src\Loader\Library.cpp" />
    <ClCompile Include="src\Engine.cpp" />
    <ClCompile Include="src\Renderer\Renderer.cpp" />
    <ClCompile Include="src\Component\CameraComponent\PerspectiveCameraComponent.cpp" />
    <ClCompile Include="src\Component\CameraComponent\OrthoCameraComponent.cpp" />
    <ClCompile Include="src\Systems\CameraSystems\FrustumSystem.cpp" />
    <ClCompile Include="src\Systems\CameraSystems\FrustumToLineSystem.cpp" />
    <ClCompile Include="src\Systems\SelectingSystems\SelectingSystem.cpp" />
    <ClCompile Include="src\Systems\SelectingSystems\MouseRaySystem.cpp" />
    <ClCompile Include="src\Component\CameraComponent\MainCameraComponent.cpp" />
    <ClCompile Include="src\Systems\CameraSystems\FrustaFittingSystem.cpp" />
    <ClCompile Include="src\Systems\SelectingSystems\EditorSystem.cpp" />
    <ClCompile Include="src\GLObjects\Texture.cpp" />
    <ClCompile Include="src\ext\microprofile.cpp" />
  </ItemGroup>
  <ItemGroup>
    <Text Include="src\ext\imgui\LICENSE.txt" />
  </ItemGroup>
  <ItemGroup>
    <None Include="shaders\phong.glsl" />
    <None Include="shaders\alphaDiscard.glsl" />
    <None Include="shaders\gammacorrect.glsl" />
    <None Include="shaders\postprocess.glsl" />
    <None Include="shaders\shadowreceiver.glsl" />
    <None Include="src\GLObjects\TextureCubeMap.hpp" />
  </ItemGroup>
</Project>