<?xml version="1.0" encoding="utf-8"?>
<Project ToolsVersion="4.0" xmlns="http://schemas.microsoft.com/developer/msbuild/2003">
  <ItemGroup>
    <ClInclude Include="src\NeoEngine.hpp" />
    <ClInclude Include="src\Component\CameraComponent\CameraComponent.hpp" />
    <ClInclude Include="src\Component\CameraComponent\CameraControllerComponent.hpp" />
    <ClInclude Include="src\Component\Component.hpp" />
    <ClInclude Include="src\Component\Components.hpp" />
    <ClInclude Include="src\Component\LightComponent\LightComponent.hpp" />
    <ClInclude Include="src\Component\SpatialComponent\Orientable.hpp" />
    <ClInclude Include="src\Component\SpatialComponent\SpatialComponent.hpp" />
    <ClInclude Include="src\ext\imgui\imconfig.h" />
    <ClInclude Include="src\ext\imgui\imgui.h" />
    <ClInclude Include="src\ext\imgui\imgui_impl_glfw_gl3.h" />
    <ClInclude Include="src\ext\imgui\imgui_internal.h" />
    <ClInclude Include="src\ext\imgui\stb_rect_pack.h" />
    <ClInclude Include="src\ext\imgui\stb_textedit.h" />
    <ClInclude Include="src\ext\imgui\stb_truetype.h" />
    <ClInclude Include="src\ext\stb_image.h" />
    <ClInclude Include="src\ext\tiny_obj_loader.h" />
    <ClInclude Include="src\GameObject\GameObject.hpp" />
    <ClInclude Include="src\Loader\Loader.hpp" />
    <ClInclude Include="src\Messaging\Message.hpp" />
    <ClInclude Include="src\Messaging\Messenger.hpp" />
    <ClInclude Include="src\Shader\Shader.hpp" />
    <ClInclude Include="src\System\RenderSystem\RenderSystem.hpp" />
    <ClInclude Include="src\System\System.hpp" />
    <ClInclude Include="src\System\Systems.hpp" />
    <ClInclude Include="src\Util\Util.hpp" />
    <ClInclude Include="src\Window\Keyboard.hpp" />
    <ClInclude Include="src\Window\Mouse.hpp" />
    <ClInclude Include="src\Window\Window.hpp" />
    <ClInclude Include="src\Loader\MeshGenerator.hpp" />
    <ClInclude Include="src\Shader\WireframeShader.hpp" />
    <ClInclude Include="src\Shader\LineShader.hpp" />
    <ClInclude Include="src\Component\ModelComponent\RenderableComponent.hpp" />
    <ClInclude Include="src\Component\AnimationComponent\LineRenderable.hpp" />
    <ClInclude Include="src\Component\ModelComponent\MaterialComponent.hpp" />
    <ClInclude Include="src\Component\ModelComponent\TextureComponent.hpp" />
    <ClInclude Include="src\Component\AnimationComponent\LineComponent.hpp" />
    <ClInclude Include="src\Shader\PhongShader.hpp" />
    <ClInclude Include="src\Material\Material.hpp" />
    <ClInclude Include="src\GLHelper\Framebuffer.hpp" />
    <ClInclude Include="src\GLHelper\GLHelper.hpp" />
    <ClInclude Include="src\GLHelper\Mesh.hpp" />
    <ClInclude Include="src\GLHelper\Texture.hpp" />
  </ItemGroup>
  <ItemGroup>
    <ClCompile Include="src\Component\CameraComponent\CameraComponent.cpp" />
    <ClCompile Include="src\Component\CameraComponent\CameraControllerComponent.cpp" />
    <ClCompile Include="src\Component\SpatialComponent\SpatialComponent.cpp" />
    <ClCompile Include="src\ext\imgui\imgui.cpp" />
    <ClCompile Include="src\ext\imgui\imgui_demo.cpp" />
    <ClCompile Include="src\ext\imgui\imgui_draw.cpp" />
    <ClCompile Include="src\ext\imgui\imgui_impl_glfw_gl3.cpp" />
    <ClCompile Include="src\GameObject\GameObject.cpp" />
    <ClCompile Include="src\Loader\Loader.cpp" />
    <ClCompile Include="src\Messaging\Messenger.cpp" />
    <ClCompile Include="src\Shader\Shader.cpp" />
    <ClCompile Include="src\System\RenderSystem\RenderSystem.cpp" />
    <ClCompile Include="src\Window\Keyboard.cpp" />
    <ClCompile Include="src\Window\Mouse.cpp" />
    <ClCompile Include="src\Window\Window.cpp" />
    <ClCompile Include="src\NeoEngine.cpp" />
    <ClCompile Include="src\Component\ModelComponent\RenderableComponent.cpp" />
    <ClCompile Include="src\Component\AnimationComponent\LineRenderable.cpp" />
    <ClCompile Include="src\GLHelper\GLHelper.cpp" />
    <ClCompile Include="src\GLHelper\Mesh.cpp" />
  </ItemGroup>
</Project>