<?xml version="1.0" encoding="utf-8"?>
<Project ToolsVersion="4.0" xmlns="http://schemas.microsoft.com/developer/msbuild/2003">
  <ItemGroup>
    <ClInclude Include="Window\Window.hpp">
      <Filter>Window</Filter>
    </ClInclude>
    <ClInclude Include="NeoEngine.hpp" />
    <ClInclude Include="GameObject\GameObject.hpp">
      <Filter>GameObject</Filter>
    </ClInclude>
  </ItemGroup>
  <ItemGroup>
    <Filter Include="Window">
      <UniqueIdentifier>{18b51e33-f238-4ecc-a85b-8b42e3fa7faf}</UniqueIdentifier>
    </Filter>
    <Filter Include="GameObject">
      <UniqueIdentifier>{34c3aa6c-1b3c-43de-a47c-a58720d63f37}</UniqueIdentifier>
    </Filter>
  </ItemGroup>
  <ItemGroup>
    <ClCompile Include="Window\Window.cpp">
      <Filter>Window</Filter>
    </ClCompile>
    <ClCompile Include="NeoEngine.cpp" />
  </ItemGroup>
</Project>