<?xml version="1.0" encoding="utf-8"?>
<Project ToolsVersion="4.0" xmlns="http://schemas.microsoft.com/developer/msbuild/2003">
  <ItemGroup>
    <ClInclude Include="Window\Window.hpp">
      <Filter>Window</Filter>
    </ClInclude>
    <ClInclude Include="NeoEngine.hpp" />
    <ClInclude Include="GameObject\GameObject.hpp">
      <Filter>GameObject</Filter>
    </ClInclude>
    <ClInclude Include="Component\Component.hpp">
      <Filter>Component</Filter>
    </ClInclude>
    <ClInclude Include="System\System.hpp">
      <Filter>System</Filter>
    </ClInclude>
    <ClInclude Include="Component\CameraComponent\CameraComponent.hpp">
      <Filter>Component\CameraComponent</Filter>
    </ClInclude>
    <ClInclude Include="Component\Components.hpp">
      <Filter>Component</Filter>
    </ClInclude>
    <ClInclude Include="System\Systems.hpp">
      <Filter>System</Filter>
    </ClInclude>
    <ClInclude Include="System\RenderSystem\RenderSystem.hpp">
      <Filter>System\RenderSystem</Filter>
    </ClInclude>
    <ClInclude Include="System\RenderSystem\GLHelper.hpp">
      <Filter>System\RenderSystem</Filter>
    </ClInclude>
    <ClInclude Include="System\RenderSystem\Shader\Shader.hpp">
      <Filter>System\RenderSystem\Shader</Filter>
    </ClInclude>
  </ItemGroup>
  <ItemGroup>
    <Filter Include="Window">
      <UniqueIdentifier>{18b51e33-f238-4ecc-a85b-8b42e3fa7faf}</UniqueIdentifier>
    </Filter>
    <Filter Include="GameObject">
      <UniqueIdentifier>{34c3aa6c-1b3c-43de-a47c-a58720d63f37}</UniqueIdentifier>
    </Filter>
    <Filter Include="Component">
      <UniqueIdentifier>{688265f6-5ae0-4d31-935d-9a7c120e5769}</UniqueIdentifier>
    </Filter>
    <Filter Include="System">
      <UniqueIdentifier>{85d523cc-f284-48d7-8450-df1d191c1eb3}</UniqueIdentifier>
    </Filter>
    <Filter Include="Component\CameraComponent">
      <UniqueIdentifier>{00ab05d8-e3f8-4f19-820b-b87d4bb35419}</UniqueIdentifier>
    </Filter>
    <Filter Include="System\RenderSystem">
      <UniqueIdentifier>{ac9bd996-0d8c-459f-9dec-b9ff28fdd580}</UniqueIdentifier>
    </Filter>
    <Filter Include="System\RenderSystem\Shader">
      <UniqueIdentifier>{224e083c-293a-4802-897c-d5fe6afcd272}</UniqueIdentifier>
    </Filter>
  </ItemGroup>
  <ItemGroup>
    <ClCompile Include="Window\Window.cpp">
      <Filter>Window</Filter>
    </ClCompile>
    <ClCompile Include="NeoEngine.cpp" />
    <ClCompile Include="GameObject\GameObject.cpp">
      <Filter>GameObject</Filter>
    </ClCompile>
    <ClCompile Include="Component\CameraComponent\CameraComponent.cpp">
      <Filter>Component\CameraComponent</Filter>
    </ClCompile>
    <ClCompile Include="System\RenderSystem\RenderSystem.cpp">
      <Filter>System\RenderSystem</Filter>
    </ClCompile>
    <ClCompile Include="System\RenderSystem\Shader\Shader.cpp">
      <Filter>System\RenderSystem\Shader</Filter>
    </ClCompile>
    <ClCompile Include="System\RenderSystem\GLHelper.cpp">
      <Filter>System\RenderSystem</Filter>
    </ClCompile>
  </ItemGroup>
</Project>