<?xml version="1.0" encoding="utf-8"?>
<Project ToolsVersion="4.0" xmlns="http://schemas.microsoft.com/developer/msbuild/2003">
  <ItemGroup>
    <ClCompile Include="src\main.cpp" />
  </ItemGroup>
  <ItemGroup>
    <None Include="README.md" />
    <None Include="shaders\post.frag" />
    <None Include="shaders\dofnearblur.frag" />
    <None Include="shaders\dofnearblur.vert" />
    <None Include="shaders\dofinterpolate.vert" />
    <None Include="shaders\dofinterpolate.frag" />
    <None Include="shaders\dofblurinfo.vert" />
    <None Include="shaders\dofblurinfo.frag" />
  </ItemGroup>
  <ItemGroup>
    <ClInclude Include="src\PostShader.hpp" />
    <ClInclude Include="src\DofNearBlurShader.hpp" />
    <ClInclude Include="src\DofInterpolateShader.hpp" />
    <ClInclude Include="src\DofBlurInfoShader.hpp" />
  </ItemGroup>
</Project>