<?xml version="1.0" encoding="utf-8"?>
<Project ToolsVersion="4.0" xmlns="http://schemas.microsoft.com/developer/msbuild/2003">
  <ItemGroup>
    <Filter Include="shaders">
      <UniqueIdentifier>{46a21a96-2996-4276-a8c0-26c9ccb5c2e3}</UniqueIdentifier>
    </Filter>
    <Filter Include="res">
      <UniqueIdentifier>{8e5952ef-0aa8-4fcf-89f0-f836221bb810}</UniqueIdentifier>
    </Filter>
  </ItemGroup>
  <ItemGroup>
    <None Include="shaders\diffuse.vert">
      <Filter>shaders</Filter>
    </None>
    <None Include="shaders\diffuse.frag">
      <Filter>shaders</Filter>
    </None>
  </ItemGroup>
  <ItemGroup>
    <ClInclude Include="src\DiffuseRenderable.hpp" />
    <ClInclude Include="src\DiffuseShader.hpp" />
    <ClInclude Include="src\CameraSystem.hpp" />
  </ItemGroup>
  <ItemGroup>
    <ClCompile Include="src\main.cpp" />
  </ItemGroup>
</Project>